{
  "name": "fixture",
  "version": "1.0.0",
  "lockfileVersion": 3,
  "packages": {
    "": {
      "name": "fixture",
      "version": "1.0.0"
    },
    "node_modules/keyv": {
      "version": "6.0.0",
      "resolved": "https://registry.npmjs.org/keyv/-/keyv-6.0.0.tgz",
      "integrity": "sha512-placeholder"
    },
    "node_modules/@cacheable/memory": {
      "version": "2.2.1",
      "resolved": "https://registry.npmjs.org/@cacheable/memory/-/memory-2.2.1.tgz"
    }
  }
}